
Microsoft Visual Studio Solution File, Format Version 12.00
# Visual Studio Version 17
VisualStudioVersion = 17.9.34714.143
MinimumVisualStudioVersion = 10.0.40219.1
Project("{FAE04EC0-301F-11D3-BF4B-00C04F79EFBC}") = "WebApplicationProgra2Evaluacion2", "WebApplicationProgra2Evaluacion2.csproj", "{E10C193C-3CFD-4754-A6B2-86E1C7D82775}"
EndProject
Global
	GlobalSection(SolutionConfigurationPlatforms) = preSolution
		Debug|Any CPU = Debug|Any CPU
		Release|Any CPU = Release|Any CPU
	EndGlobalSection
	GlobalSection(ProjectConfigurationPlatforms) = postSolution
		{E10C193C-3CFD-4754-A6B2-86E1C7D82775}.Debug|Any CPU.ActiveCfg = Debug|Any CPU
		{E10C193C-3CFD-4754-A6B2-86E1C7D82775}.Debug|Any CPU.Build.0 = Debug|Any CPU
		{E10C193C-3CFD-4754-A6B2-86E1C7D82775}.Release|Any CPU.ActiveCfg = Release|Any CPU
		{E10C193C-3CFD-4754-A6B2-86E1C7D82775}.Release|Any CPU.Build.0 = Release|Any CPU
	EndGlobalSection
	GlobalSection(SolutionProperties) = preSolution
		HideSolutionNode = FALSE
	EndGlobalSection
	GlobalSection(ExtensibilityGlobals) = postSolution
		SolutionGuid = {2BDE0444-4866-44CD-B2E6-353DD88BAA82}
	EndGlobalSection
EndGlobal
